
Microsoft Visual Studio Solution File, Format Version 12.00
# Visual Studio Version 17
VisualStudioVersion = 17.3.32819.101
MinimumVisualStudioVersion = 10.0.40219.1
Project("{FAE04EC0-301F-11D3-BF4B-00C04F79EFBC}") = "TerraformDemo", "TerraformDemo\TerraformDemo.csproj", "{05A4BD1A-6194-4239-8EDE-586259AD7E2D}"
EndProject
Global
	GlobalSection(SolutionConfigurationPlatforms) = preSolution
		Debug|Any CPU = Debug|Any CPU
		Release|Any CPU = Release|Any CPU
	EndGlobalSection
	GlobalSection(ProjectConfigurationPlatforms) = postSolution
		{05A4BD1A-6194-4239-8EDE-586259AD7E2D}.Debug|Any CPU.ActiveCfg = Debug|Any CPU
		{05A4BD1A-6194-4239-8EDE-586259AD7E2D}.Debug|Any CPU.Build.0 = Debug|Any CPU
		{05A4BD1A-6194-4239-8EDE-586259AD7E2D}.Release|Any CPU.ActiveCfg = Release|Any CPU
		{05A4BD1A-6194-4239-8EDE-586259AD7E2D}.Release|Any CPU.Build.0 = Release|Any CPU
	EndGlobalSection
	GlobalSection(SolutionProperties) = preSolution
		HideSolutionNode = FALSE
	EndGlobalSection
	GlobalSection(ExtensibilityGlobals) = postSolution
		SolutionGuid = {F9EAB297-52CB-491C-8D50-445FED663AA1}
	EndGlobalSection
EndGlobal
